// !$*UTF8*$!
{
	archiveVersion = 1;
	classes = {
	};
	objectVersion = 46;
	objects = {

/* Begin PBXBuildFile section */
		AF3012FD1D2D73F200E943C2 /* AppDelegate.swift in Sources */ = {isa = PBXBuildFile; fileRef = AF3012FC1D2D73F200E943C2 /* AppDelegate.swift */; };
		AF3012FF1D2D73F200E943C2 /* ViewController.swift in Sources */ = {isa = PBXBuildFile; fileRef = AF3012FE1D2D73F200E943C2 /* ViewController.swift */; };
		AF3013021D2D73F200E943C2 /* Main.storyboard in Resources */ = {isa = PBXBuildFile; fileRef = AF3013001D2D73F200E943C2 /* Main.storyboard */; };
		AF3013041D2D73F200E943C2 /* Assets.xcassets in Resources */ = {isa = PBXBuildFile; fileRef = AF3013031D2D73F200E943C2 /* Assets.xcassets */; };
		AF3013071D2D73F200E943C2 /* LaunchScreen.storyboard in Resources */ = {isa = PBXBuildFile; fileRef = AF3013051D2D73F200E943C2 /* LaunchScreen.storyboard */; };
		AF30130F1D2D864E00E943C2 /* GridView.swift in Sources */ = {isa = PBXBuildFile; fileRef = AF30130E1D2D864D00E943C2 /* GridView.swift */; };
/* End PBXBuildFile section */

/* Begin PBXFileReference section */
		AF3012F91D2D73F200E943C2 /* Assignment3.app */ = {isa = PBXFileReference; explicitFileType = wrapper.application; includeInIndex = 0; path = Assignment3.app; sourceTree = BUILT_PRODUCTS_DIR; };
		AF3012FC1D2D73F200E943C2 /* AppDelegate.swift */ = {isa = PBXFileReference; lastKnownFileType = sourcecode.swift; path = AppDelegate.swift; sourceTree = "<group>"; };
		AF3012FE1D2D73F200E943C2 /* ViewController.swift */ = {isa = PBXFileReference; lastKnownFileType = sourcecode.swift; path = ViewController.swift; sourceTree = "<group>"; };
		AF3013011D2D73F200E943C2 /* Base */ = {isa = PBXFileReference; lastKnownFileType = file.storyboard; name = Base; path = Base.lproj/Main.storyboard; sourceTree = "<group>"; };
		AF3013031D2D73F200E943C2 /* Assets.xcassets */ = {isa = PBXFileReference; lastKnownFileType = folder.assetcatalog; path = Assets.xcassets; sourceTree = "<group>"; };
		AF3013061D2D73F200E943C2 /* Base */ = {isa = PBXFileReference; lastKnownFileType = file.storyboard; name = Base; path = Base.lproj/LaunchScreen.storyboard; sourceTree = "<group>"; };
		AF3013081D2D73F200E943C2 /* Info.plist */ = {isa = PBXFileReference; lastKnownFileType = text.plist.xml; path = Info.plist; sourceTree = "<group>"; };
		AF30130E1D2D864D00E943C2 /* GridView.swift */ = {isa = PBXFileReference; fileEncoding = 4; lastKnownFileType = sourcecode.swift; path = GridView.swift; sourceTree = "<group>"; };
/* End PBXFileReference section */

/* Begin PBXFrameworksBuildPhase section */
		AF3012F61D2D73F200E943C2 /* Frameworks */ = {
			isa = PBXFrameworksBuildPhase;
			buildActionMask = 2147483647;
			files = (
			);
			runOnlyForDeploymentPostprocessing = 0;
		};
/* End PBXFrameworksBuildPhase section */

/* Begin PBXGroup section */
		AF3012F01D2D73F200E943C2 = {
			isa = PBXGroup;
			children = (
				AF3012FB1D2D73F200E943C2 /* Assignment3 */,
				AF3012FA1D2D73F200E943C2 /* Products */,
			);
			sourceTree = "<group>";
		};
		AF3012FA1D2D73F200E943C2 /* Products */ = {
			isa = PBXGroup;
			children = (
				AF3012F91D2D73F200E943C2 /* Assignment3.app */,
			);
			name = Products;
			sourceTree = "<group>";
		};
		AF3012FB1D2D73F200E943C2 /* Assignment3 */ = {
			isa = PBXGroup;
			children = (
				AF3012FC1D2D73F200E943C2 /* AppDelegate.swift */,
				AF3012FE1D2D73F200E943C2 /* ViewController.swift */,
				AF3013001D2D73F200E943C2 /* Main.storyboard */,
				AF30130E1D2D864D00E943C2 /* GridView.swift */,
				AF3013031D2D73F200E943C2 /* Assets.xcassets */,
				AF3013051D2D73F200E943C2 /* LaunchScreen.storyboard */,
				AF3013081D2D73F200E943C2 /* Info.plist */,
			);
			path = Assignment3;
			sourceTree = "<group>";
		};
/* End PBXGroup section */

/* Begin PBXNativeTarget section */
		AF3012F81D2D73F200E943C2 /* Assignment3 */ = {
			isa = PBXNativeTarget;
			buildConfigurationList = AF30130B1D2D73F200E943C2 /* Build configuration list for PBXNativeTarget "Assignment3" */;
			buildPhases = (
				AF3012F51D2D73F200E943C2 /* Sources */,
				AF3012F61D2D73F200E943C2 /* Frameworks */,
				AF3012F71D2D73F200E943C2 /* Resources */,
			);
			buildRules = (
			);
			dependencies = (
			);
			name = Assignment3;
			productName = Assignment3;
			productReference = AF3012F91D2D73F200E943C2 /* Assignment3.app */;
			productType = "com.apple.product-type.application";
		};
/* End PBXNativeTarget section */

/* Begin PBXProject section */
		AF3012F11D2D73F200E943C2 /* Project object */ = {
			isa = PBXProject;
			attributes = {
				LastSwiftUpdateCheck = 0730;
				LastUpgradeCheck = 0730;
				ORGANIZATIONNAME = "Andrew Barry";
				TargetAttributes = {
					AF3012F81D2D73F200E943C2 = {
						CreatedOnToolsVersion = 7.3.1;
					};
				};
			};
			buildConfigurationList = AF3012F41D2D73F200E943C2 /* Build configuration list for PBXProject "Assignment3" */;
			compatibilityVersion = "Xcode 3.2";
			developmentRegion = English;
			hasScannedForEncodings = 0;
			knownRegions = (
				en,
				Base,
			);
			mainGroup = AF3012F01D2D73F200E943C2;
			productRefGroup = AF3012FA1D2D73F200E943C2 /* Products */;
			projectDirPath = "";
			projectRoot = "";
			targets = (
				AF3012F81D2D73F200E943C2 /* Assignment3 */,
			);
		};
/* End PBXProject section */

/* Begin PBXResourcesBuildPhase section */
		AF3012F71D2D73F200E943C2 /* Resources */ = {
			isa = PBXResourcesBuildPhase;
			buildActionMask = 2147483647;
			files = (
				AF3013071D2D73F200E943C2 /* LaunchScreen.storyboard in Resources */,
				AF3013041D2D73F200E943C2 /* Assets.xcassets in Resources */,
				AF3013021D2D73F200E943C2 /* Main.storyboard in Resources */,
			);
			runOnlyForDeploymentPostprocessing = 0;
		};
/* End PBXResourcesBuildPhase section */

/* Begin PBXSourcesBuildPhase section */
		AF3012F51D2D73F200E943C2 /* Sources */ = {
			isa = PBXSourcesBuildPhase;
			buildActionMask = 2147483647;
			files = (
				AF3012FF1D2D73F200E943C2 /* ViewController.swift in Sources */,
				AF30130F1D2D864E00E943C2 /* GridView.swift in Sources */,
				AF3012FD1D2D73F200E943C2 /* AppDelegate.swift in Sources */,
			);
			runOnlyForDeploymentPostprocessing = 0;
		};
/* End PBXSourcesBuildPhase section */

/* Begin PBXVariantGroup section */
		AF3013001D2D73F200E943C2 /* Main.storyboard */ = {
			isa = PBXVariantGroup;
			children = (
				AF3013011D2D73F200E943C2 /* Base */,
			);
			name = Main.storyboard;
			sourceTree = "<group>";
		};
		AF3013051D2D73F200E943C2 /* LaunchScreen.storyboard */ = {
			isa = PBXVariantGroup;
			children = (
				AF3013061D2D73F200E943C2 /* Base */,
			);
			name = LaunchScreen.storyboard;
			sourceTree = "<group>";
		};
/* End PBXVariantGroup section */

/* Begin XCBuildConfiguration section */
		AF3013091D2D73F200E943C2 /* Debug */ = {
			isa = XCBuildConfiguration;
			buildSettings = {
				ALWAYS_SEARCH_USER_PATHS = NO;
				CLANG_ANALYZER_NONNULL = YES;
				CLANG_CXX_LANGUAGE_STANDARD = "gnu++0x";
				CLANG_CXX_LIBRARY = "libc++";
				CLANG_ENABLE_MODULES = YES;
				CLANG_ENABLE_OBJC_ARC = YES;
				CLANG_WARN_BOOL_CONVERSION = YES;
				CLANG_WARN_CONSTANT_CONVERSION = YES;
				CLANG_WARN_DIRECT_OBJC_ISA_USAGE = YES_ERROR;
				CLANG_WARN_EMPTY_BODY = YES;
				CLANG_WARN_ENUM_CONVERSION = YES;
				CLANG_WARN_INT_CONVERSION = YES;
				CLANG_WARN_OBJC_ROOT_CLASS = YES_ERROR;
				CLANG_WARN_UNREACHABLE_CODE = YES;
				CLANG_WARN__DUPLICATE_METHOD_MATCH = YES;
				"CODE_SIGN_IDENTITY[sdk=iphoneos*]" = "iPhone Developer";
				COPY_PHASE_STRIP = NO;
				DEBUG_INFORMATION_FORMAT = dwarf;
				ENABLE_STRICT_OBJC_MSGSEND = YES;
				ENABLE_TESTABILITY = YES;
				GCC_C_LANGUAGE_STANDARD = gnu99;
				GCC_DYNAMIC_NO_PIC = NO;
				GCC_NO_COMMON_BLOCKS = YES;
				GCC_OPTIMIZATION_LEVEL = 0;
				GCC_PREPROCESSOR_DEFINITIONS = (
					"DEBUG=1",
					"$(inherited)",
				);
				GCC_WARN_64_TO_32_BIT_CONVERSION = YES;
				GCC_WARN_ABOUT_RETURN_TYPE = YES_ERROR;
				GCC_WARN_UNDECLARED_SELECTOR = YES;
				GCC_WARN_UNINITIALIZED_AUTOS = YES_AGGRESSIVE;
				GCC_WARN_UNUSED_FUNCTION = YES;
				GCC_WARN_UNUSED_VARIABLE = YES;
				IPHONEOS_DEPLOYMENT_TARGET = 9.3;
				MTL_ENABLE_DEBUG_INFO = YES;
				ONLY_ACTIVE_ARCH = YES;
				SDKROOT = iphoneos;
				SWIFT_OPTIMIZATION_LEVEL = "-Onone";
				TARGETED_DEVICE_FAMILY = "1,2";
			};
			name = Debug;
		};
		AF30130A1D2D73F200E943C2 /* Release */ = {
			isa = XCBuildConfiguration;
			buildSettings = {
				ALWAYS_SEARCH_USER_PATHS = NO;
				CLANG_ANALYZER_NONNULL = YES;
				CLANG_CXX_LANGUAGE_STANDARD = "gnu++0x";
				CLANG_CXX_LIBRARY = "libc++";
				CLANG_ENABLE_MODULES = YES;
				CLANG_ENABLE_OBJC_ARC = YES;
				CLANG_WARN_BOOL_CONVERSION = YES;
				CLANG_WARN_CONSTANT_CONVERSION = YES;
				CLANG_WARN_DIRECT_OBJC_ISA_USAGE = YES_ERROR;
				CLANG_WARN_EMPTY_BODY = YES;
				CLANG_WARN_ENUM_CONVERSION = YES;
				CLANG_WARN_INT_CONVERSION = YES;
				CLANG_WARN_OBJC_ROOT_CLASS = YES_ERROR;
				CLANG_WARN_UNREACHABLE_CODE = YES;
				CLANG_WARN__DUPLICATE_METHOD_MATCH = YES;
				"CODE_SIGN_IDENTITY[sdk=iphoneos*]" = "iPhone Developer";
				COPY_PHASE_STRIP = NO;
				DEBUG_INFORMATION_FORMAT = "dwarf-with-dsym";
				ENABLE_NS_ASSERTIONS = NO;
				ENABLE_STRICT_OBJC_MSGSEND = YES;
				GCC_C_LANGUAGE_STANDARD = gnu99;
				GCC_NO_COMMON_BLOCKS = YES;
				GCC_WARN_64_TO_32_BIT_CONVERSION = YES;
				GCC_WARN_ABOUT_RETURN_TYPE = YES_ERROR;
				GCC_WARN_UNDECLARED_SELECTOR = YES;
				GCC_WARN_UNINITIALIZED_AUTOS = YES_AGGRESSIVE;
				GCC_WARN_UNUSED_FUNCTION = YES;
				GCC_WARN_UNUSED_VARIABLE = YES;
				IPHONEOS_DEPLOYMENT_TARGET = 9.3;
				MTL_ENABLE_DEBUG_INFO = NO;
				SDKROOT = iphoneos;
				TARGETED_DEVICE_FAMILY = "1,2";
				VALIDATE_PRODUCT = YES;
			};
			name = Release;
		};
		AF30130C1D2D73F200E943C2 /* Debug */ = {
			isa = XCBuildConfiguration;
			buildSettings = {
				ASSETCATALOG_COMPILER_APPICON_NAME = AppIcon;
				INFOPLIST_FILE = Assignment3/Info.plist;
				LD_RUNPATH_SEARCH_PATHS = "$(inherited) @executable_path/Frameworks";
				PRODUCT_BUNDLE_IDENTIFIER = Harvard.Assignment3;
				PRODUCT_NAME = "$(TARGET_NAME)";
			};
			name = Debug;
		};
		AF30130D1D2D73F200E943C2 /* Release */ = {
			isa = XCBuildConfiguration;
			buildSettings = {
				ASSETCATALOG_COMPILER_APPICON_NAME = AppIcon;
				INFOPLIST_FILE = Assignment3/Info.plist;
				LD_RUNPATH_SEARCH_PATHS = "$(inherited) @executable_path/Frameworks";
				PRODUCT_BUNDLE_IDENTIFIER = Harvard.Assignment3;
				PRODUCT_NAME = "$(TARGET_NAME)";
			};
			name = Release;
		};
/* End XCBuildConfiguration section */

/* Begin XCConfigurationList section */
		AF3012F41D2D73F200E943C2 /* Build configuration list for PBXProject "Assignment3" */ = {
			isa = XCConfigurationList;
			buildConfigurations = (
				AF3013091D2D73F200E943C2 /* Debug */,
				AF30130A1D2D73F200E943C2 /* Release */,
			);
			defaultConfigurationIsVisible = 0;
			defaultConfigurationName = Release;
		};
		AF30130B1D2D73F200E943C2 /* Build configuration list for PBXNativeTarget "Assignment3" */ = {
			isa = XCConfigurationList;
			buildConfigurations = (
				AF30130C1D2D73F200E943C2 /* Debug */,
				AF30130D1D2D73F200E943C2 /* Release */,
			);
			defaultConfigurationIsVisible = 0;
		};
/* End XCConfigurationList section */
	};
	rootObject = AF3012F11D2D73F200E943C2 /* Project object */;
}
