// !$*UTF8*$!
{
	archiveVersion = 1;
	classes = {
	};
	objectVersion = 46;
	objects = {

/* Begin PBXBuildFile section */
		AFC1D3B21D20ABC4004CCADB /* AppDelegate.swift in Sources */ = {isa = PBXBuildFile; fileRef = AFC1D3B11D20ABC4004CCADB /* AppDelegate.swift */; };
		AFC1D3B41D20ABC4004CCADB /* SimulationViewController.swift in Sources */ = {isa = PBXBuildFile; fileRef = AFC1D3B31D20ABC4004CCADB /* SimulationViewController.swift */; };
		AFC1D3B61D20ABC4004CCADB /* InstrumentationViewController.swift in Sources */ = {isa = PBXBuildFile; fileRef = AFC1D3B51D20ABC4004CCADB /* InstrumentationViewController.swift */; };
		AFC1D3B91D20ABC4004CCADB /* Main.storyboard in Resources */ = {isa = PBXBuildFile; fileRef = AFC1D3B71D20ABC4004CCADB /* Main.storyboard */; };
		AFC1D3BB1D20ABC4004CCADB /* Assets.xcassets in Resources */ = {isa = PBXBuildFile; fileRef = AFC1D3BA1D20ABC4004CCADB /* Assets.xcassets */; };
		AFC1D3BE1D20ABC4004CCADB /* LaunchScreen.storyboard in Resources */ = {isa = PBXBuildFile; fileRef = AFC1D3BC1D20ABC4004CCADB /* LaunchScreen.storyboard */; };
/* End PBXBuildFile section */

/* Begin PBXFileReference section */
		AFC1D3AE1D20ABC3004CCADB /* Assignment1.app */ = {isa = PBXFileReference; explicitFileType = wrapper.application; includeInIndex = 0; path = Assignment1.app; sourceTree = BUILT_PRODUCTS_DIR; };
		AFC1D3B11D20ABC4004CCADB /* AppDelegate.swift */ = {isa = PBXFileReference; lastKnownFileType = sourcecode.swift; path = AppDelegate.swift; sourceTree = "<group>"; };
		AFC1D3B31D20ABC4004CCADB /* SimulationViewController.swift */ = {isa = PBXFileReference; lastKnownFileType = sourcecode.swift; path = SimulationViewController.swift; sourceTree = "<group>"; };
		AFC1D3B51D20ABC4004CCADB /* InstrumentationViewController.swift */ = {isa = PBXFileReference; lastKnownFileType = sourcecode.swift; path = InstrumentationViewController.swift; sourceTree = "<group>"; };
		AFC1D3B81D20ABC4004CCADB /* Base */ = {isa = PBXFileReference; lastKnownFileType = file.storyboard; name = Base; path = Base.lproj/Main.storyboard; sourceTree = "<group>"; };
		AFC1D3BA1D20ABC4004CCADB /* Assets.xcassets */ = {isa = PBXFileReference; lastKnownFileType = folder.assetcatalog; path = Assets.xcassets; sourceTree = "<group>"; };
		AFC1D3BD1D20ABC4004CCADB /* Base */ = {isa = PBXFileReference; lastKnownFileType = file.storyboard; name = Base; path = Base.lproj/LaunchScreen.storyboard; sourceTree = "<group>"; };
		AFC1D3BF1D20ABC4004CCADB /* Info.plist */ = {isa = PBXFileReference; lastKnownFileType = text.plist.xml; path = Info.plist; sourceTree = "<group>"; };
/* End PBXFileReference section */

/* Begin PBXFrameworksBuildPhase section */
		AFC1D3AB1D20ABC3004CCADB /* Frameworks */ = {
			isa = PBXFrameworksBuildPhase;
			buildActionMask = 2147483647;
			files = (
			);
			runOnlyForDeploymentPostprocessing = 0;
		};
/* End PBXFrameworksBuildPhase section */

/* Begin PBXGroup section */
		AFC1D3A51D20ABC3004CCADB = {
			isa = PBXGroup;
			children = (
				AFC1D3B01D20ABC3004CCADB /* Assignment1 */,
				AFC1D3AF1D20ABC3004CCADB /* Products */,
			);
			sourceTree = "<group>";
		};
		AFC1D3AF1D20ABC3004CCADB /* Products */ = {
			isa = PBXGroup;
			children = (
				AFC1D3AE1D20ABC3004CCADB /* Assignment1.app */,
			);
			name = Products;
			sourceTree = "<group>";
		};
		AFC1D3B01D20ABC3004CCADB /* Assignment1 */ = {
			isa = PBXGroup;
			children = (
				AFC1D3B11D20ABC4004CCADB /* AppDelegate.swift */,
				AFC1D3B31D20ABC4004CCADB /* SimulationViewController.swift */,
				AFC1D3B51D20ABC4004CCADB /* InstrumentationViewController.swift */,
				AFC1D3B71D20ABC4004CCADB /* Main.storyboard */,
				AFC1D3BA1D20ABC4004CCADB /* Assets.xcassets */,
				AFC1D3BC1D20ABC4004CCADB /* LaunchScreen.storyboard */,
				AFC1D3BF1D20ABC4004CCADB /* Info.plist */,
			);
			path = Assignment1;
			sourceTree = "<group>";
		};
/* End PBXGroup section */

/* Begin PBXNativeTarget section */
		AFC1D3AD1D20ABC3004CCADB /* Assignment1 */ = {
			isa = PBXNativeTarget;
			buildConfigurationList = AFC1D3C21D20ABC4004CCADB /* Build configuration list for PBXNativeTarget "Assignment1" */;
			buildPhases = (
				AFC1D3AA1D20ABC3004CCADB /* Sources */,
				AFC1D3AB1D20ABC3004CCADB /* Frameworks */,
				AFC1D3AC1D20ABC3004CCADB /* Resources */,
			);
			buildRules = (
			);
			dependencies = (
			);
			name = Assignment1;
			productName = Assignment1;
			productReference = AFC1D3AE1D20ABC3004CCADB /* Assignment1.app */;
			productType = "com.apple.product-type.application";
		};
/* End PBXNativeTarget section */

/* Begin PBXProject section */
		AFC1D3A61D20ABC3004CCADB /* Project object */ = {
			isa = PBXProject;
			attributes = {
				LastSwiftUpdateCheck = 0730;
				LastUpgradeCheck = 0730;
				ORGANIZATIONNAME = "Andrew Barry";
				TargetAttributes = {
					AFC1D3AD1D20ABC3004CCADB = {
						CreatedOnToolsVersion = 7.3.1;
						DevelopmentTeam = C5LQTM878G;
					};
				};
			};
			buildConfigurationList = AFC1D3A91D20ABC3004CCADB /* Build configuration list for PBXProject "Assignment1" */;
			compatibilityVersion = "Xcode 3.2";
			developmentRegion = English;
			hasScannedForEncodings = 0;
			knownRegions = (
				en,
				Base,
			);
			mainGroup = AFC1D3A51D20ABC3004CCADB;
			productRefGroup = AFC1D3AF1D20ABC3004CCADB /* Products */;
			projectDirPath = "";
			projectRoot = "";
			targets = (
				AFC1D3AD1D20ABC3004CCADB /* Assignment1 */,
			);
		};
/* End PBXProject section */

/* Begin PBXResourcesBuildPhase section */
		AFC1D3AC1D20ABC3004CCADB /* Resources */ = {
			isa = PBXResourcesBuildPhase;
			buildActionMask = 2147483647;
			files = (
				AFC1D3BE1D20ABC4004CCADB /* LaunchScreen.storyboard in Resources */,
				AFC1D3BB1D20ABC4004CCADB /* Assets.xcassets in Resources */,
				AFC1D3B91D20ABC4004CCADB /* Main.storyboard in Resources */,
			);
			runOnlyForDeploymentPostprocessing = 0;
		};
/* End PBXResourcesBuildPhase section */

/* Begin PBXSourcesBuildPhase section */
		AFC1D3AA1D20ABC3004CCADB /* Sources */ = {
			isa = PBXSourcesBuildPhase;
			buildActionMask = 2147483647;
			files = (
				AFC1D3B61D20ABC4004CCADB /* InstrumentationViewController.swift in Sources */,
				AFC1D3B21D20ABC4004CCADB /* AppDelegate.swift in Sources */,
				AFC1D3B41D20ABC4004CCADB /* SimulationViewController.swift in Sources */,
			);
			runOnlyForDeploymentPostprocessing = 0;
		};
/* End PBXSourcesBuildPhase section */

/* Begin PBXVariantGroup section */
		AFC1D3B71D20ABC4004CCADB /* Main.storyboard */ = {
			isa = PBXVariantGroup;
			children = (
				AFC1D3B81D20ABC4004CCADB /* Base */,
			);
			name = Main.storyboard;
			sourceTree = "<group>";
		};
		AFC1D3BC1D20ABC4004CCADB /* LaunchScreen.storyboard */ = {
			isa = PBXVariantGroup;
			children = (
				AFC1D3BD1D20ABC4004CCADB /* Base */,
			);
			name = LaunchScreen.storyboard;
			sourceTree = "<group>";
		};
/* End PBXVariantGroup section */

/* Begin XCBuildConfiguration section */
		AFC1D3C01D20ABC4004CCADB /* Debug */ = {
			isa = XCBuildConfiguration;
			buildSettings = {
				ALWAYS_SEARCH_USER_PATHS = NO;
				CLANG_ANALYZER_NONNULL = YES;
				CLANG_CXX_LANGUAGE_STANDARD = "gnu++0x";
				CLANG_CXX_LIBRARY = "libc++";
				CLANG_ENABLE_MODULES = YES;
				CLANG_ENABLE_OBJC_ARC = YES;
				CLANG_WARN_BOOL_CONVERSION = YES;
				CLANG_WARN_CONSTANT_CONVERSION = YES;
				CLANG_WARN_DIRECT_OBJC_ISA_USAGE = YES_ERROR;
				CLANG_WARN_EMPTY_BODY = YES;
				CLANG_WARN_ENUM_CONVERSION = YES;
				CLANG_WARN_INT_CONVERSION = YES;
				CLANG_WARN_OBJC_ROOT_CLASS = YES_ERROR;
				CLANG_WARN_UNREACHABLE_CODE = YES;
				CLANG_WARN__DUPLICATE_METHOD_MATCH = YES;
				"CODE_SIGN_IDENTITY[sdk=iphoneos*]" = "iPhone Developer";
				COPY_PHASE_STRIP = NO;
				DEBUG_INFORMATION_FORMAT = dwarf;
				ENABLE_STRICT_OBJC_MSGSEND = YES;
				ENABLE_TESTABILITY = YES;
				GCC_C_LANGUAGE_STANDARD = gnu99;
				GCC_DYNAMIC_NO_PIC = NO;
				GCC_NO_COMMON_BLOCKS = YES;
				GCC_OPTIMIZATION_LEVEL = 0;
				GCC_PREPROCESSOR_DEFINITIONS = (
					"DEBUG=1",
					"$(inherited)",
				);
				GCC_WARN_64_TO_32_BIT_CONVERSION = YES;
				GCC_WARN_ABOUT_RETURN_TYPE = YES_ERROR;
				GCC_WARN_UNDECLARED_SELECTOR = YES;
				GCC_WARN_UNINITIALIZED_AUTOS = YES_AGGRESSIVE;
				GCC_WARN_UNUSED_FUNCTION = YES;
				GCC_WARN_UNUSED_VARIABLE = YES;
				IPHONEOS_DEPLOYMENT_TARGET = 9.3;
				MTL_ENABLE_DEBUG_INFO = YES;
				ONLY_ACTIVE_ARCH = YES;
				SDKROOT = iphoneos;
				SWIFT_OPTIMIZATION_LEVEL = "-Onone";
				TARGETED_DEVICE_FAMILY = "1,2";
			};
			name = Debug;
		};
		AFC1D3C11D20ABC4004CCADB /* Release */ = {
			isa = XCBuildConfiguration;
			buildSettings = {
				ALWAYS_SEARCH_USER_PATHS = NO;
				CLANG_ANALYZER_NONNULL = YES;
				CLANG_CXX_LANGUAGE_STANDARD = "gnu++0x";
				CLANG_CXX_LIBRARY = "libc++";
				CLANG_ENABLE_MODULES = YES;
				CLANG_ENABLE_OBJC_ARC = YES;
				CLANG_WARN_BOOL_CONVERSION = YES;
				CLANG_WARN_CONSTANT_CONVERSION = YES;
				CLANG_WARN_DIRECT_OBJC_ISA_USAGE = YES_ERROR;
				CLANG_WARN_EMPTY_BODY = YES;
				CLANG_WARN_ENUM_CONVERSION = YES;
				CLANG_WARN_INT_CONVERSION = YES;
				CLANG_WARN_OBJC_ROOT_CLASS = YES_ERROR;
				CLANG_WARN_UNREACHABLE_CODE = YES;
				CLANG_WARN__DUPLICATE_METHOD_MATCH = YES;
				"CODE_SIGN_IDENTITY[sdk=iphoneos*]" = "iPhone Developer";
				COPY_PHASE_STRIP = NO;
				DEBUG_INFORMATION_FORMAT = "dwarf-with-dsym";
				ENABLE_NS_ASSERTIONS = NO;
				ENABLE_STRICT_OBJC_MSGSEND = YES;
				GCC_C_LANGUAGE_STANDARD = gnu99;
				GCC_NO_COMMON_BLOCKS = YES;
				GCC_WARN_64_TO_32_BIT_CONVERSION = YES;
				GCC_WARN_ABOUT_RETURN_TYPE = YES_ERROR;
				GCC_WARN_UNDECLARED_SELECTOR = YES;
				GCC_WARN_UNINITIALIZED_AUTOS = YES_AGGRESSIVE;
				GCC_WARN_UNUSED_FUNCTION = YES;
				GCC_WARN_UNUSED_VARIABLE = YES;
				IPHONEOS_DEPLOYMENT_TARGET = 9.3;
				MTL_ENABLE_DEBUG_INFO = NO;
				SDKROOT = iphoneos;
				TARGETED_DEVICE_FAMILY = "1,2";
				VALIDATE_PRODUCT = YES;
			};
			name = Release;
		};
		AFC1D3C31D20ABC4004CCADB /* Debug */ = {
			isa = XCBuildConfiguration;
			buildSettings = {
				ASSETCATALOG_COMPILER_APPICON_NAME = AppIcon;
				CODE_SIGN_IDENTITY = "iPhone Developer";
				"CODE_SIGN_IDENTITY[sdk=iphoneos*]" = "iPhone Developer";
				INFOPLIST_FILE = Assignment1/Info.plist;
				LD_RUNPATH_SEARCH_PATHS = "$(inherited) @executable_path/Frameworks";
				PRODUCT_BUNDLE_IDENTIFIER = Harvard.Assignment1;
				PRODUCT_NAME = "$(TARGET_NAME)";
				PROVISIONING_PROFILE = "";
			};
			name = Debug;
		};
		AFC1D3C41D20ABC4004CCADB /* Release */ = {
			isa = XCBuildConfiguration;
			buildSettings = {
				ASSETCATALOG_COMPILER_APPICON_NAME = AppIcon;
				CODE_SIGN_IDENTITY = "iPhone Developer";
				"CODE_SIGN_IDENTITY[sdk=iphoneos*]" = "iPhone Developer";
				INFOPLIST_FILE = Assignment1/Info.plist;
				LD_RUNPATH_SEARCH_PATHS = "$(inherited) @executable_path/Frameworks";
				PRODUCT_BUNDLE_IDENTIFIER = Harvard.Assignment1;
				PRODUCT_NAME = "$(TARGET_NAME)";
				PROVISIONING_PROFILE = "";
			};
			name = Release;
		};
/* End XCBuildConfiguration section */

/* Begin XCConfigurationList section */
		AFC1D3A91D20ABC3004CCADB /* Build configuration list for PBXProject "Assignment1" */ = {
			isa = XCConfigurationList;
			buildConfigurations = (
				AFC1D3C01D20ABC4004CCADB /* Debug */,
				AFC1D3C11D20ABC4004CCADB /* Release */,
			);
			defaultConfigurationIsVisible = 0;
			defaultConfigurationName = Release;
		};
		AFC1D3C21D20ABC4004CCADB /* Build configuration list for PBXNativeTarget "Assignment1" */ = {
			isa = XCConfigurationList;
			buildConfigurations = (
				AFC1D3C31D20ABC4004CCADB /* Debug */,
				AFC1D3C41D20ABC4004CCADB /* Release */,
			);
			defaultConfigurationIsVisible = 0;
			defaultConfigurationName = Release;
		};
/* End XCConfigurationList section */
	};
	rootObject = AFC1D3A61D20ABC3004CCADB /* Project object */;
}
